
Microsoft Visual Studio Solution File, Format Version 12.00
# Visual Studio Version 17
VisualStudioVersion = 17.6.33829.357
MinimumVisualStudioVersion = 10.0.40219.1
Project("{2150E333-8FDC-42A3-9474-1A3956D46DE8}") = "Services", "Services", "{4E70CFD7-9809-488A-AE7D-42988F4CDC23}"
EndProject
Project("{2150E333-8FDC-42A3-9474-1A3956D46DE8}") = "Catalog", "Catalog", "{D0AD28E4-8DE4-4627-852C-09EF830ACDD9}"
EndProject
Project("{9A19103F-16F7-4668-BE54-9A1E7A4F7556}") = "Catalog.API", "Services\Catalog\Catalog.API\Catalog.API.csproj", "{8F667FEC-7E30-48A8-AAFA-7D7E4EBB9146}"
EndProject
Project("{E53339B2-1760-4266-BCC7-CA923CBCF16C}") = "docker-compose", "docker-compose.dcproj", "{526F413F-3EBF-4046-A67E-DA642AC79B96}"
EndProject
Project("{2150E333-8FDC-42A3-9474-1A3956D46DE8}") = "Basket", "Basket", "{6FBB8608-FA1F-4D7B-B83D-3F18F1505409}"
EndProject
Project("{9A19103F-16F7-4668-BE54-9A1E7A4F7556}") = "Basket.API", "Services\Basket\Basket.API\Basket.API.csproj", "{C2A65D46-6363-401E-8C80-B5657753E2B0}"
EndProject
Project("{2150E333-8FDC-42A3-9474-1A3956D46DE8}") = "Discount", "Discount", "{5C7181B2-9D9B-4636-85C4-42192BC6BC42}"
EndProject
Project("{9A19103F-16F7-4668-BE54-9A1E7A4F7556}") = "Discount.API", "Services\Discount\Discount.API\Discount.API.csproj", "{8D3DF29A-68AC-487F-9D87-C0CEE8A3F157}"
EndProject
Project("{2150E333-8FDC-42A3-9474-1A3956D46DE8}") = "Ordering", "Ordering", "{336170FB-A34E-4058-99CF-259883E96B8A}"
EndProject
Project("{9A19103F-16F7-4668-BE54-9A1E7A4F7556}") = "Ordering.API", "Services\Ordering\Ordering.API\Ordering.API.csproj", "{FCFFF67B-083F-4FDF-82F6-7145533F1205}"
EndProject
Project("{9A19103F-16F7-4668-BE54-9A1E7A4F7556}") = "Ordering.Application", "Services\Ordering\Ordering.Application\Ordering.Application.csproj", "{5403D507-E09B-45BE-A82E-3EF70FB4DA89}"
EndProject
Project("{9A19103F-16F7-4668-BE54-9A1E7A4F7556}") = "Ordering.Core", "Services\Ordering\Ordering.Domain\Ordering.Core.csproj", "{29AB4678-E3E8-412F-A371-92D1D5CDF419}"
EndProject
Project("{9A19103F-16F7-4668-BE54-9A1E7A4F7556}") = "Ordering.Infrastructure", "Services\Ordering\Ordering.Infrastructure\Ordering.Infrastructure.csproj", "{170851C9-4FAF-453E-92CF-87C226CA5934}"
EndProject
Project("{2150E333-8FDC-42A3-9474-1A3956D46DE8}") = "BuildingBlocks", "BuildingBlocks", "{10A1952C-505D-4E40-A0D7-7271252CB4F6}"
EndProject
Project("{9A19103F-16F7-4668-BE54-9A1E7A4F7556}") = "EventBus.Messages", "BuildingBlocks\EventBus.Messages\EventBus.Messages.csproj", "{94883C1A-3E06-4838-8631-280FD990D3D7}"
EndProject
Project("{9A19103F-16F7-4668-BE54-9A1E7A4F7556}") = "Catalog.Application", "Services\Catalog\Catalog.Application\Catalog.Application.csproj", "{48FE79CD-1283-4493-AF89-DA8F8B5E128B}"
EndProject
Project("{9A19103F-16F7-4668-BE54-9A1E7A4F7556}") = "Catalog.Core", "Services\Catalog\Catalog.Core\Catalog.Core.csproj", "{D2234E85-AF0E-494A-AD5E-68FE97BD3441}"
EndProject
Project("{9A19103F-16F7-4668-BE54-9A1E7A4F7556}") = "Catalog.Infrastructure", "Services\Catalog\Catalog.Infrastructure\Catalog.Infrastructure.csproj", "{2FB3F5A3-775D-4CBA-B34E-4953094C5BD1}"
EndProject
Project("{9A19103F-16F7-4668-BE54-9A1E7A4F7556}") = "Basket.Application", "Services\Basket\Basket.Application\Basket.Application.csproj", "{63DC19D3-C122-47B9-9789-09FF8357661C}"
EndProject
Project("{9A19103F-16F7-4668-BE54-9A1E7A4F7556}") = "Basket.Core", "Services\Basket\Basket.Core\Basket.Core.csproj", "{C9CA8091-78D3-45A8-8A3E-194D021D4CF2}"
EndProject
Project("{9A19103F-16F7-4668-BE54-9A1E7A4F7556}") = "Basket.Infrastructure", "Services\Basket\Basket.Infrastructure\Basket.Infrastructure.csproj", "{8B48C523-AC3B-464B-9647-F803946789D7}"
EndProject
Project("{9A19103F-16F7-4668-BE54-9A1E7A4F7556}") = "Discount.Application", "Services\Discount\Discount.Application\Discount.Application.csproj", "{70FDB6CA-4FB5-4E95-953A-E23D539498CE}"
EndProject
Project("{9A19103F-16F7-4668-BE54-9A1E7A4F7556}") = "Discount.Core", "Services\Discount\Discount.Core\Discount.Core.csproj", "{958443DE-44E1-40FA-B061-3B711E8D2BBB}"
EndProject
Project("{9A19103F-16F7-4668-BE54-9A1E7A4F7556}") = "Discount.Infrastructure", "Services\Discount\Discount.Infrastructure\Discount.Infrastructure.csproj", "{7DCEED3D-7BEB-4E36-9815-A6E8F49CE0F5}"
EndProject
Global
	GlobalSection(SolutionConfigurationPlatforms) = preSolution
		Debug|Any CPU = Debug|Any CPU
		Release|Any CPU = Release|Any CPU
	EndGlobalSection
	GlobalSection(ProjectConfigurationPlatforms) = postSolution
		{8F667FEC-7E30-48A8-AAFA-7D7E4EBB9146}.Debug|Any CPU.ActiveCfg = Debug|Any CPU
		{8F667FEC-7E30-48A8-AAFA-7D7E4EBB9146}.Debug|Any CPU.Build.0 = Debug|Any CPU
		{8F667FEC-7E30-48A8-AAFA-7D7E4EBB9146}.Release|Any CPU.ActiveCfg = Release|Any CPU
		{8F667FEC-7E30-48A8-AAFA-7D7E4EBB9146}.Release|Any CPU.Build.0 = Release|Any CPU
		{526F413F-3EBF-4046-A67E-DA642AC79B96}.Debug|Any CPU.ActiveCfg = Debug|Any CPU
		{526F413F-3EBF-4046-A67E-DA642AC79B96}.Debug|Any CPU.Build.0 = Debug|Any CPU
		{526F413F-3EBF-4046-A67E-DA642AC79B96}.Release|Any CPU.ActiveCfg = Release|Any CPU
		{526F413F-3EBF-4046-A67E-DA642AC79B96}.Release|Any CPU.Build.0 = Release|Any CPU
		{C2A65D46-6363-401E-8C80-B5657753E2B0}.Debug|Any CPU.ActiveCfg = Debug|Any CPU
		{C2A65D46-6363-401E-8C80-B5657753E2B0}.Debug|Any CPU.Build.0 = Debug|Any CPU
		{C2A65D46-6363-401E-8C80-B5657753E2B0}.Release|Any CPU.ActiveCfg = Release|Any CPU
		{C2A65D46-6363-401E-8C80-B5657753E2B0}.Release|Any CPU.Build.0 = Release|Any CPU
		{8D3DF29A-68AC-487F-9D87-C0CEE8A3F157}.Debug|Any CPU.ActiveCfg = Debug|Any CPU
		{8D3DF29A-68AC-487F-9D87-C0CEE8A3F157}.Debug|Any CPU.Build.0 = Debug|Any CPU
		{8D3DF29A-68AC-487F-9D87-C0CEE8A3F157}.Release|Any CPU.ActiveCfg = Release|Any CPU
		{8D3DF29A-68AC-487F-9D87-C0CEE8A3F157}.Release|Any CPU.Build.0 = Release|Any CPU
		{FCFFF67B-083F-4FDF-82F6-7145533F1205}.Debug|Any CPU.ActiveCfg = Debug|Any CPU
		{FCFFF67B-083F-4FDF-82F6-7145533F1205}.Debug|Any CPU.Build.0 = Debug|Any CPU
		{FCFFF67B-083F-4FDF-82F6-7145533F1205}.Release|Any CPU.ActiveCfg = Release|Any CPU
		{FCFFF67B-083F-4FDF-82F6-7145533F1205}.Release|Any CPU.Build.0 = Release|Any CPU
		{5403D507-E09B-45BE-A82E-3EF70FB4DA89}.Debug|Any CPU.ActiveCfg = Debug|Any CPU
		{5403D507-E09B-45BE-A82E-3EF70FB4DA89}.Debug|Any CPU.Build.0 = Debug|Any CPU
		{5403D507-E09B-45BE-A82E-3EF70FB4DA89}.Release|Any CPU.ActiveCfg = Release|Any CPU
		{5403D507-E09B-45BE-A82E-3EF70FB4DA89}.Release|Any CPU.Build.0 = Release|Any CPU
		{29AB4678-E3E8-412F-A371-92D1D5CDF419}.Debug|Any CPU.ActiveCfg = Debug|Any CPU
		{29AB4678-E3E8-412F-A371-92D1D5CDF419}.Debug|Any CPU.Build.0 = Debug|Any CPU
		{29AB4678-E3E8-412F-A371-92D1D5CDF419}.Release|Any CPU.ActiveCfg = Release|Any CPU
		{29AB4678-E3E8-412F-A371-92D1D5CDF419}.Release|Any CPU.Build.0 = Release|Any CPU
		{170851C9-4FAF-453E-92CF-87C226CA5934}.Debug|Any CPU.ActiveCfg = Debug|Any CPU
		{170851C9-4FAF-453E-92CF-87C226CA5934}.Debug|Any CPU.Build.0 = Debug|Any CPU
		{170851C9-4FAF-453E-92CF-87C226CA5934}.Release|Any CPU.ActiveCfg = Release|Any CPU
		{170851C9-4FAF-453E-92CF-87C226CA5934}.Release|Any CPU.Build.0 = Release|Any CPU
		{94883C1A-3E06-4838-8631-280FD990D3D7}.Debug|Any CPU.ActiveCfg = Debug|Any CPU
		{94883C1A-3E06-4838-8631-280FD990D3D7}.Debug|Any CPU.Build.0 = Debug|Any CPU
		{94883C1A-3E06-4838-8631-280FD990D3D7}.Release|Any CPU.ActiveCfg = Release|Any CPU
		{94883C1A-3E06-4838-8631-280FD990D3D7}.Release|Any CPU.Build.0 = Release|Any CPU
		{48FE79CD-1283-4493-AF89-DA8F8B5E128B}.Debug|Any CPU.ActiveCfg = Debug|Any CPU
		{48FE79CD-1283-4493-AF89-DA8F8B5E128B}.Debug|Any CPU.Build.0 = Debug|Any CPU
		{48FE79CD-1283-4493-AF89-DA8F8B5E128B}.Release|Any CPU.ActiveCfg = Release|Any CPU
		{48FE79CD-1283-4493-AF89-DA8F8B5E128B}.Release|Any CPU.Build.0 = Release|Any CPU
		{D2234E85-AF0E-494A-AD5E-68FE97BD3441}.Debug|Any CPU.ActiveCfg = Debug|Any CPU
		{D2234E85-AF0E-494A-AD5E-68FE97BD3441}.Debug|Any CPU.Build.0 = Debug|Any CPU
		{D2234E85-AF0E-494A-AD5E-68FE97BD3441}.Release|Any CPU.ActiveCfg = Release|Any CPU
		{D2234E85-AF0E-494A-AD5E-68FE97BD3441}.Release|Any CPU.Build.0 = Release|Any CPU
		{2FB3F5A3-775D-4CBA-B34E-4953094C5BD1}.Debug|Any CPU.ActiveCfg = Debug|Any CPU
		{2FB3F5A3-775D-4CBA-B34E-4953094C5BD1}.Debug|Any CPU.Build.0 = Debug|Any CPU
		{2FB3F5A3-775D-4CBA-B34E-4953094C5BD1}.Release|Any CPU.ActiveCfg = Release|Any CPU
		{2FB3F5A3-775D-4CBA-B34E-4953094C5BD1}.Release|Any CPU.Build.0 = Release|Any CPU
		{63DC19D3-C122-47B9-9789-09FF8357661C}.Debug|Any CPU.ActiveCfg = Debug|Any CPU
		{63DC19D3-C122-47B9-9789-09FF8357661C}.Debug|Any CPU.Build.0 = Debug|Any CPU
		{63DC19D3-C122-47B9-9789-09FF8357661C}.Release|Any CPU.ActiveCfg = Release|Any CPU
		{63DC19D3-C122-47B9-9789-09FF8357661C}.Release|Any CPU.Build.0 = Release|Any CPU
		{C9CA8091-78D3-45A8-8A3E-194D021D4CF2}.Debug|Any CPU.ActiveCfg = Debug|Any CPU
		{C9CA8091-78D3-45A8-8A3E-194D021D4CF2}.Debug|Any CPU.Build.0 = Debug|Any CPU
		{C9CA8091-78D3-45A8-8A3E-194D021D4CF2}.Release|Any CPU.ActiveCfg = Release|Any CPU
		{C9CA8091-78D3-45A8-8A3E-194D021D4CF2}.Release|Any CPU.Build.0 = Release|Any CPU
		{8B48C523-AC3B-464B-9647-F803946789D7}.Debug|Any CPU.ActiveCfg = Debug|Any CPU
		{8B48C523-AC3B-464B-9647-F803946789D7}.Debug|Any CPU.Build.0 = Debug|Any CPU
		{8B48C523-AC3B-464B-9647-F803946789D7}.Release|Any CPU.ActiveCfg = Release|Any CPU
		{8B48C523-AC3B-464B-9647-F803946789D7}.Release|Any CPU.Build.0 = Release|Any CPU
		{70FDB6CA-4FB5-4E95-953A-E23D539498CE}.Debug|Any CPU.ActiveCfg = Debug|Any CPU
		{70FDB6CA-4FB5-4E95-953A-E23D539498CE}.Debug|Any CPU.Build.0 = Debug|Any CPU
		{70FDB6CA-4FB5-4E95-953A-E23D539498CE}.Release|Any CPU.ActiveCfg = Release|Any CPU
		{70FDB6CA-4FB5-4E95-953A-E23D539498CE}.Release|Any CPU.Build.0 = Release|Any CPU
		{958443DE-44E1-40FA-B061-3B711E8D2BBB}.Debug|Any CPU.ActiveCfg = Debug|Any CPU
		{958443DE-44E1-40FA-B061-3B711E8D2BBB}.Debug|Any CPU.Build.0 = Debug|Any CPU
		{958443DE-44E1-40FA-B061-3B711E8D2BBB}.Release|Any CPU.ActiveCfg = Release|Any CPU
		{958443DE-44E1-40FA-B061-3B711E8D2BBB}.Release|Any CPU.Build.0 = Release|Any CPU
		{7DCEED3D-7BEB-4E36-9815-A6E8F49CE0F5}.Debug|Any CPU.ActiveCfg = Debug|Any CPU
		{7DCEED3D-7BEB-4E36-9815-A6E8F49CE0F5}.Debug|Any CPU.Build.0 = Debug|Any CPU
		{7DCEED3D-7BEB-4E36-9815-A6E8F49CE0F5}.Release|Any CPU.ActiveCfg = Release|Any CPU
		{7DCEED3D-7BEB-4E36-9815-A6E8F49CE0F5}.Release|Any CPU.Build.0 = Release|Any CPU
	EndGlobalSection
	GlobalSection(SolutionProperties) = preSolution
		HideSolutionNode = FALSE
	EndGlobalSection
	GlobalSection(NestedProjects) = preSolution
		{D0AD28E4-8DE4-4627-852C-09EF830ACDD9} = {4E70CFD7-9809-488A-AE7D-42988F4CDC23}
		{8F667FEC-7E30-48A8-AAFA-7D7E4EBB9146} = {D0AD28E4-8DE4-4627-852C-09EF830ACDD9}
		{6FBB8608-FA1F-4D7B-B83D-3F18F1505409} = {4E70CFD7-9809-488A-AE7D-42988F4CDC23}
		{C2A65D46-6363-401E-8C80-B5657753E2B0} = {6FBB8608-FA1F-4D7B-B83D-3F18F1505409}
		{5C7181B2-9D9B-4636-85C4-42192BC6BC42} = {4E70CFD7-9809-488A-AE7D-42988F4CDC23}
		{8D3DF29A-68AC-487F-9D87-C0CEE8A3F157} = {5C7181B2-9D9B-4636-85C4-42192BC6BC42}
		{336170FB-A34E-4058-99CF-259883E96B8A} = {4E70CFD7-9809-488A-AE7D-42988F4CDC23}
		{FCFFF67B-083F-4FDF-82F6-7145533F1205} = {336170FB-A34E-4058-99CF-259883E96B8A}
		{5403D507-E09B-45BE-A82E-3EF70FB4DA89} = {336170FB-A34E-4058-99CF-259883E96B8A}
		{29AB4678-E3E8-412F-A371-92D1D5CDF419} = {336170FB-A34E-4058-99CF-259883E96B8A}
		{170851C9-4FAF-453E-92CF-87C226CA5934} = {336170FB-A34E-4058-99CF-259883E96B8A}
		{94883C1A-3E06-4838-8631-280FD990D3D7} = {10A1952C-505D-4E40-A0D7-7271252CB4F6}
		{48FE79CD-1283-4493-AF89-DA8F8B5E128B} = {D0AD28E4-8DE4-4627-852C-09EF830ACDD9}
		{D2234E85-AF0E-494A-AD5E-68FE97BD3441} = {D0AD28E4-8DE4-4627-852C-09EF830ACDD9}
		{2FB3F5A3-775D-4CBA-B34E-4953094C5BD1} = {D0AD28E4-8DE4-4627-852C-09EF830ACDD9}
		{63DC19D3-C122-47B9-9789-09FF8357661C} = {6FBB8608-FA1F-4D7B-B83D-3F18F1505409}
		{C9CA8091-78D3-45A8-8A3E-194D021D4CF2} = {6FBB8608-FA1F-4D7B-B83D-3F18F1505409}
		{8B48C523-AC3B-464B-9647-F803946789D7} = {6FBB8608-FA1F-4D7B-B83D-3F18F1505409}
		{70FDB6CA-4FB5-4E95-953A-E23D539498CE} = {5C7181B2-9D9B-4636-85C4-42192BC6BC42}
		{958443DE-44E1-40FA-B061-3B711E8D2BBB} = {5C7181B2-9D9B-4636-85C4-42192BC6BC42}
		{7DCEED3D-7BEB-4E36-9815-A6E8F49CE0F5} = {5C7181B2-9D9B-4636-85C4-42192BC6BC42}
	EndGlobalSection
	GlobalSection(ExtensibilityGlobals) = postSolution
		SolutionGuid = {2D76DBDD-93D0-48FD-B95E-695BBD46674C}
	EndGlobalSection
EndGlobal
